
Microsoft Visual Studio Solution File, Format Version 12.00
# Visual Studio Version 17
VisualStudioVersion = 17.0.31903.59
MinimumVisualStudioVersion = 10.0.40219.1
Project("{9A19103F-16F7-4668-BE54-9A1E7A4F7556}") = "Initium", "Atlas\Initium.csproj", "{599FCED3-A757-4CBA-9E31-2FB21A4B7404}"
EndProject
Global
	GlobalSection(SolutionConfigurationPlatforms) = preSolution
		Debug|Any CPU = Debug|Any CPU
		Release|Any CPU = Release|Any CPU
	EndGlobalSection
	GlobalSection(ProjectConfigurationPlatforms) = postSolution
		{599FCED3-A757-4CBA-9E31-2FB21A4B7404}.Debug|Any CPU.ActiveCfg = Debug|Any CPU
		{599FCED3-A757-4CBA-9E31-2FB21A4B7404}.Debug|Any CPU.Build.0 = Debug|Any CPU
		{599FCED3-A757-4CBA-9E31-2FB21A4B7404}.Release|Any CPU.ActiveCfg = Release|Any CPU
		{599FCED3-A757-4CBA-9E31-2FB21A4B7404}.Release|Any CPU.Build.0 = Release|Any CPU
	EndGlobalSection
	GlobalSection(SolutionProperties) = preSolution
		HideSolutionNode = FALSE
	EndGlobalSection
	GlobalSection(ExtensibilityGlobals) = postSolution
		SolutionGuid = {AE4CE518-D16A-443F-AE83-08524F1A9434}
	EndGlobalSection
EndGlobal
